
Microsoft Visual Studio Solution File, Format Version 12.00
# Visual Studio Version 17
VisualStudioVersion = 17.6.33815.320
MinimumVisualStudioVersion = 10.0.40219.1
Project("{FAE04EC0-301F-11D3-BF4B-00C04F79EFBC}") = "Server", "Server\Server.csproj", "{4C13A1B6-F35C-4F64-845E-F058B95DF0DB}"
EndProject
Project("{FAE04EC0-301F-11D3-BF4B-00C04F79EFBC}") = "Client", "Client\Client.csproj", "{D68FDB95-6E55-4EA4-83BB-063E60CD0AAB}"
EndProject
Global
	GlobalSection(SolutionConfigurationPlatforms) = preSolution
		Debug|Any CPU = Debug|Any CPU
		Release|Any CPU = Release|Any CPU
	EndGlobalSection
	GlobalSection(ProjectConfigurationPlatforms) = postSolution
		{4C13A1B6-F35C-4F64-845E-F058B95DF0DB}.Debug|Any CPU.ActiveCfg = Debug|Any CPU
		{4C13A1B6-F35C-4F64-845E-F058B95DF0DB}.Debug|Any CPU.Build.0 = Debug|Any CPU
		{4C13A1B6-F35C-4F64-845E-F058B95DF0DB}.Release|Any CPU.ActiveCfg = Release|Any CPU
		{4C13A1B6-F35C-4F64-845E-F058B95DF0DB}.Release|Any CPU.Build.0 = Release|Any CPU
		{D68FDB95-6E55-4EA4-83BB-063E60CD0AAB}.Debug|Any CPU.ActiveCfg = Debug|Any CPU
		{D68FDB95-6E55-4EA4-83BB-063E60CD0AAB}.Debug|Any CPU.Build.0 = Debug|Any CPU
		{D68FDB95-6E55-4EA4-83BB-063E60CD0AAB}.Release|Any CPU.ActiveCfg = Release|Any CPU
		{D68FDB95-6E55-4EA4-83BB-063E60CD0AAB}.Release|Any CPU.Build.0 = Release|Any CPU
	EndGlobalSection
	GlobalSection(SolutionProperties) = preSolution
		HideSolutionNode = FALSE
	EndGlobalSection
	GlobalSection(ExtensibilityGlobals) = postSolution
		SolutionGuid = {B23DAE7F-669C-4576-92EF-0A081BA66440}
	EndGlobalSection
EndGlobal
